
Microsoft Visual Studio Solution File, Format Version 12.00
# Visual Studio Version 17
VisualStudioVersion = 17.4.33205.214
MinimumVisualStudioVersion = 10.0.40219.1
Project("{9A19103F-16F7-4668-BE54-9A1E7A4F7556}") = "DemoUseBlazorInOpenSilver.Browser", "DemoUseBlazorInOpenSilver\DemoUseBlazorInOpenSilver.Browser\DemoUseBlazorInOpenSilver.Browser.csproj", "{136511B8-227E-4332-B4A2-98FAC1125DEB}"
EndProject
Project("{9A19103F-16F7-4668-BE54-9A1E7A4F7556}") = "DemoUseBlazorInOpenSilver", "DemoUseBlazorInOpenSilver\DemoUseBlazorInOpenSilver\DemoUseBlazorInOpenSilver.csproj", "{856020DA-919E-46C4-9040-C1917D589DB7}"
EndProject
Project("{9A19103F-16F7-4668-BE54-9A1E7A4F7556}") = "OpenSilver.Blazor", "OpenSilver.Blazor\OpenSilver.Blazor.csproj", "{A8D0D69B-8984-4CBB-86DB-30B66347C7BF}"
EndProject
Global
	GlobalSection(SolutionConfigurationPlatforms) = preSolution
		Debug|Any CPU = Debug|Any CPU
		Release|Any CPU = Release|Any CPU
	EndGlobalSection
	GlobalSection(ProjectConfigurationPlatforms) = postSolution
		{136511B8-227E-4332-B4A2-98FAC1125DEB}.Debug|Any CPU.ActiveCfg = Debug|Any CPU
		{136511B8-227E-4332-B4A2-98FAC1125DEB}.Debug|Any CPU.Build.0 = Debug|Any CPU
		{136511B8-227E-4332-B4A2-98FAC1125DEB}.Release|Any CPU.ActiveCfg = Release|Any CPU
		{136511B8-227E-4332-B4A2-98FAC1125DEB}.Release|Any CPU.Build.0 = Release|Any CPU
		{856020DA-919E-46C4-9040-C1917D589DB7}.Debug|Any CPU.ActiveCfg = Debug|Any CPU
		{856020DA-919E-46C4-9040-C1917D589DB7}.Debug|Any CPU.Build.0 = Debug|Any CPU
		{856020DA-919E-46C4-9040-C1917D589DB7}.Release|Any CPU.ActiveCfg = Release|Any CPU
		{856020DA-919E-46C4-9040-C1917D589DB7}.Release|Any CPU.Build.0 = Release|Any CPU
		{A8D0D69B-8984-4CBB-86DB-30B66347C7BF}.Debug|Any CPU.ActiveCfg = Debug|Any CPU
		{A8D0D69B-8984-4CBB-86DB-30B66347C7BF}.Debug|Any CPU.Build.0 = Debug|Any CPU
		{A8D0D69B-8984-4CBB-86DB-30B66347C7BF}.Release|Any CPU.ActiveCfg = Release|Any CPU
		{A8D0D69B-8984-4CBB-86DB-30B66347C7BF}.Release|Any CPU.Build.0 = Release|Any CPU
	EndGlobalSection
	GlobalSection(SolutionProperties) = preSolution
		HideSolutionNode = FALSE
	EndGlobalSection
	GlobalSection(ExtensibilityGlobals) = postSolution
		SolutionGuid = {27F5202B-F870-4431-B414-BBCDABE76189}
	EndGlobalSection
EndGlobal
