
Microsoft Visual Studio Solution File, Format Version 12.00
# Visual Studio Version 17
VisualStudioVersion = 17.4.33205.214
MinimumVisualStudioVersion = 10.0.40219.1
Project("{9A19103F-16F7-4668-BE54-9A1E7A4F7556}") = "OpenSilver.Blazor", "OpenSilver.Blazor\OpenSilver.Blazor.csproj", "{4ADAE567-FD2D-4251-9FA5-19F1F4085831}"
EndProject
Global
	GlobalSection(SolutionConfigurationPlatforms) = preSolution
		Debug|Any CPU = Debug|Any CPU
		Release|Any CPU = Release|Any CPU
	EndGlobalSection
	GlobalSection(ProjectConfigurationPlatforms) = postSolution
		{4ADAE567-FD2D-4251-9FA5-19F1F4085831}.Debug|Any CPU.ActiveCfg = Debug|Any CPU
		{4ADAE567-FD2D-4251-9FA5-19F1F4085831}.Debug|Any CPU.Build.0 = Debug|Any CPU
		{4ADAE567-FD2D-4251-9FA5-19F1F4085831}.Release|Any CPU.ActiveCfg = Release|Any CPU
		{4ADAE567-FD2D-4251-9FA5-19F1F4085831}.Release|Any CPU.Build.0 = Release|Any CPU
	EndGlobalSection
	GlobalSection(SolutionProperties) = preSolution
		HideSolutionNode = FALSE
	EndGlobalSection
	GlobalSection(ExtensibilityGlobals) = postSolution
		SolutionGuid = {405D8406-E15C-4A27-91AF-A061FA9AB0E2}
	EndGlobalSection
EndGlobal
